// !$*UTF8*$!
{
	archiveVersion = 1;
	classes = {
	};
	objectVersion = 50;
	objects = {

/* Begin PBXBuildFile section */
		58B71FEB2629B35700C095F9 /* AppDelegate.swift in Sources */ = {isa = PBXBuildFile; fileRef = 58B71FEA2629B35700C095F9 /* AppDelegate.swift */; };
		58B71FED2629B35700C095F9 /* SceneDelegate.swift in Sources */ = {isa = PBXBuildFile; fileRef = 58B71FEC2629B35700C095F9 /* SceneDelegate.swift */; };
		58B71FEF2629B35700C095F9 /* ViewController.swift in Sources */ = {isa = PBXBuildFile; fileRef = 58B71FEE2629B35700C095F9 /* ViewController.swift */; };
		58B71FF22629B35700C095F9 /* Main.storyboard in Resources */ = {isa = PBXBuildFile; fileRef = 58B71FF02629B35700C095F9 /* Main.storyboard */; };
		58B71FF42629B35A00C095F9 /* Assets.xcassets in Resources */ = {isa = PBXBuildFile; fileRef = 58B71FF32629B35A00C095F9 /* Assets.xcassets */; };
		58B71FF72629B35A00C095F9 /* LaunchScreen.storyboard in Resources */ = {isa = PBXBuildFile; fileRef = 58B71FF52629B35A00C095F9 /* LaunchScreen.storyboard */; };
		58B720002629B39100C095F9 /* MoviesManager.swift in Sources */ = {isa = PBXBuildFile; fileRef = 58B71FFF2629B39100C095F9 /* MoviesManager.swift */; };
		58B720032629B3B200C095F9 /* MoviesData.swift in Sources */ = {isa = PBXBuildFile; fileRef = 58B720022629B3B200C095F9 /* MoviesData.swift */; };
		58B720062629D6A700C095F9 /* CellFilling.swift in Sources */ = {isa = PBXBuildFile; fileRef = 58B720052629D6A700C095F9 /* CellFilling.swift */; };
		58B720092629DA6500C095F9 /* MovieCell.swift in Sources */ = {isa = PBXBuildFile; fileRef = 58B720082629DA6500C095F9 /* MovieCell.swift */; };
		58B72010262CAC3A00C095F9 /* MoviesLogic.swift in Sources */ = {isa = PBXBuildFile; fileRef = 58B7200F262CAC3A00C095F9 /* MoviesLogic.swift */; };
		58B72014262DB8F500C095F9 /* CircleButton.swift in Sources */ = {isa = PBXBuildFile; fileRef = 58B72013262DB8F500C095F9 /* CircleButton.swift */; };
		58B7201D262E137500C095F9 /* NotificationSettings.swift in Sources */ = {isa = PBXBuildFile; fileRef = 58B7201C262E137500C095F9 /* NotificationSettings.swift */; };
		58B72020262E3B3200C095F9 /* Constants.swift in Sources */ = {isa = PBXBuildFile; fileRef = 58B7201F262E3B3200C095F9 /* Constants.swift */; };
/* End PBXBuildFile section */

/* Begin PBXFileReference section */
		58B71FE72629B35700C095F9 /* TopMovies1.app */ = {isa = PBXFileReference; explicitFileType = wrapper.application; includeInIndex = 0; path = TopMovies1.app; sourceTree = BUILT_PRODUCTS_DIR; };
		58B71FEA2629B35700C095F9 /* AppDelegate.swift */ = {isa = PBXFileReference; lastKnownFileType = sourcecode.swift; path = AppDelegate.swift; sourceTree = "<group>"; };
		58B71FEC2629B35700C095F9 /* SceneDelegate.swift */ = {isa = PBXFileReference; lastKnownFileType = sourcecode.swift; path = SceneDelegate.swift; sourceTree = "<group>"; };
		58B71FEE2629B35700C095F9 /* ViewController.swift */ = {isa = PBXFileReference; lastKnownFileType = sourcecode.swift; path = ViewController.swift; sourceTree = "<group>"; };
		58B71FF12629B35700C095F9 /* Base */ = {isa = PBXFileReference; lastKnownFileType = file.storyboard; name = Base; path = Base.lproj/Main.storyboard; sourceTree = "<group>"; };
		58B71FF32629B35A00C095F9 /* Assets.xcassets */ = {isa = PBXFileReference; lastKnownFileType = folder.assetcatalog; path = Assets.xcassets; sourceTree = "<group>"; };
		58B71FF62629B35A00C095F9 /* Base */ = {isa = PBXFileReference; lastKnownFileType = file.storyboard; name = Base; path = Base.lproj/LaunchScreen.storyboard; sourceTree = "<group>"; };
		58B71FF82629B35A00C095F9 /* Info.plist */ = {isa = PBXFileReference; lastKnownFileType = text.plist.xml; path = Info.plist; sourceTree = "<group>"; };
		58B71FFF2629B39100C095F9 /* MoviesManager.swift */ = {isa = PBXFileReference; lastKnownFileType = sourcecode.swift; path = MoviesManager.swift; sourceTree = "<group>"; };
		58B720022629B3B200C095F9 /* MoviesData.swift */ = {isa = PBXFileReference; lastKnownFileType = sourcecode.swift; path = MoviesData.swift; sourceTree = "<group>"; };
		58B720052629D6A700C095F9 /* CellFilling.swift */ = {isa = PBXFileReference; lastKnownFileType = sourcecode.swift; path = CellFilling.swift; sourceTree = "<group>"; };
		58B720082629DA6500C095F9 /* MovieCell.swift */ = {isa = PBXFileReference; lastKnownFileType = sourcecode.swift; path = MovieCell.swift; sourceTree = "<group>"; };
		58B7200F262CAC3A00C095F9 /* MoviesLogic.swift */ = {isa = PBXFileReference; lastKnownFileType = sourcecode.swift; path = MoviesLogic.swift; sourceTree = "<group>"; };
		58B72013262DB8F500C095F9 /* CircleButton.swift */ = {isa = PBXFileReference; lastKnownFileType = sourcecode.swift; path = CircleButton.swift; sourceTree = "<group>"; };
		58B7201C262E137500C095F9 /* NotificationSettings.swift */ = {isa = PBXFileReference; lastKnownFileType = sourcecode.swift; path = NotificationSettings.swift; sourceTree = "<group>"; };
		58B7201F262E3B3200C095F9 /* Constants.swift */ = {isa = PBXFileReference; lastKnownFileType = sourcecode.swift; path = Constants.swift; sourceTree = "<group>"; };
/* End PBXFileReference section */

/* Begin PBXFrameworksBuildPhase section */
		58B71FE42629B35700C095F9 /* Frameworks */ = {
			isa = PBXFrameworksBuildPhase;
			buildActionMask = 2147483647;
			files = (
			);
			runOnlyForDeploymentPostprocessing = 0;
		};
/* End PBXFrameworksBuildPhase section */

/* Begin PBXGroup section */
		58B71FDE2629B35700C095F9 = {
			isa = PBXGroup;
			children = (
				58B71FE92629B35700C095F9 /* TopMovies1 */,
				58B71FE82629B35700C095F9 /* Products */,
			);
			sourceTree = "<group>";
		};
		58B71FE82629B35700C095F9 /* Products */ = {
			isa = PBXGroup;
			children = (
				58B71FE72629B35700C095F9 /* TopMovies1.app */,
			);
			name = Products;
			sourceTree = "<group>";
		};
		58B71FE92629B35700C095F9 /* TopMovies1 */ = {
			isa = PBXGroup;
			children = (
				58B71FEA2629B35700C095F9 /* AppDelegate.swift */,
				58B71FEC2629B35700C095F9 /* SceneDelegate.swift */,
				58B71FF82629B35A00C095F9 /* Info.plist */,
				58B71FF32629B35A00C095F9 /* Assets.xcassets */,
				58B72023262E5B8D00C095F9 /* Model */,
				58B72026262E5C4100C095F9 /* View */,
				58B72025262E5BF500C095F9 /* Controller */,
			);
			path = TopMovies1;
			sourceTree = "<group>";
		};
		58B72023262E5B8D00C095F9 /* Model */ = {
			isa = PBXGroup;
			children = (
				58B720022629B3B200C095F9 /* MoviesData.swift */,
				58B7200F262CAC3A00C095F9 /* MoviesLogic.swift */,
				58B71FFF2629B39100C095F9 /* MoviesManager.swift */,
				58B720052629D6A700C095F9 /* CellFilling.swift */,
				58B72013262DB8F500C095F9 /* CircleButton.swift */,
				58B7201F262E3B3200C095F9 /* Constants.swift */,
			);
			path = Model;
			sourceTree = "<group>";
		};
		58B72025262E5BF500C095F9 /* Controller */ = {
			isa = PBXGroup;
			children = (
				58B71FEE2629B35700C095F9 /* ViewController.swift */,
				58B7201C262E137500C095F9 /* NotificationSettings.swift */,
			);
			path = Controller;
			sourceTree = "<group>";
		};
		58B72026262E5C4100C095F9 /* View */ = {
			isa = PBXGroup;
			children = (
				58B720082629DA6500C095F9 /* MovieCell.swift */,
				58B71FF02629B35700C095F9 /* Main.storyboard */,
				58B71FF52629B35A00C095F9 /* LaunchScreen.storyboard */,
			);
			path = View;
			sourceTree = "<group>";
		};
/* End PBXGroup section */

/* Begin PBXNativeTarget section */
		58B71FE62629B35700C095F9 /* TopMovies1 */ = {
			isa = PBXNativeTarget;
			buildConfigurationList = 58B71FFB2629B35A00C095F9 /* Build configuration list for PBXNativeTarget "TopMovies1" */;
			buildPhases = (
				58B71FE32629B35700C095F9 /* Sources */,
				58B71FE42629B35700C095F9 /* Frameworks */,
				58B71FE52629B35700C095F9 /* Resources */,
			);
			buildRules = (
			);
			dependencies = (
			);
			name = TopMovies1;
			productName = TopMovies1;
			productReference = 58B71FE72629B35700C095F9 /* TopMovies1.app */;
			productType = "com.apple.product-type.application";
		};
/* End PBXNativeTarget section */

/* Begin PBXProject section */
		58B71FDF2629B35700C095F9 /* Project object */ = {
			isa = PBXProject;
			attributes = {
				LastSwiftUpdateCheck = 1240;
				LastUpgradeCheck = 1240;
				TargetAttributes = {
					58B71FE62629B35700C095F9 = {
						CreatedOnToolsVersion = 12.4;
					};
				};
			};
			buildConfigurationList = 58B71FE22629B35700C095F9 /* Build configuration list for PBXProject "TopMovies1" */;
			compatibilityVersion = "Xcode 9.3";
			developmentRegion = en;
			hasScannedForEncodings = 0;
			knownRegions = (
				en,
				Base,
			);
			mainGroup = 58B71FDE2629B35700C095F9;
			productRefGroup = 58B71FE82629B35700C095F9 /* Products */;
			projectDirPath = "";
			projectRoot = "";
			targets = (
				58B71FE62629B35700C095F9 /* TopMovies1 */,
			);
		};
/* End PBXProject section */

/* Begin PBXResourcesBuildPhase section */
		58B71FE52629B35700C095F9 /* Resources */ = {
			isa = PBXResourcesBuildPhase;
			buildActionMask = 2147483647;
			files = (
				58B71FF72629B35A00C095F9 /* LaunchScreen.storyboard in Resources */,
				58B71FF42629B35A00C095F9 /* Assets.xcassets in Resources */,
				58B71FF22629B35700C095F9 /* Main.storyboard in Resources */,
			);
			runOnlyForDeploymentPostprocessing = 0;
		};
/* End PBXResourcesBuildPhase section */

/* Begin PBXSourcesBuildPhase section */
		58B71FE32629B35700C095F9 /* Sources */ = {
			isa = PBXSourcesBuildPhase;
			buildActionMask = 2147483647;
			files = (
				58B720002629B39100C095F9 /* MoviesManager.swift in Sources */,
				58B72020262E3B3200C095F9 /* Constants.swift in Sources */,
				58B720092629DA6500C095F9 /* MovieCell.swift in Sources */,
				58B71FEF2629B35700C095F9 /* ViewController.swift in Sources */,
				58B72014262DB8F500C095F9 /* CircleButton.swift in Sources */,
				58B71FEB2629B35700C095F9 /* AppDelegate.swift in Sources */,
				58B720032629B3B200C095F9 /* MoviesData.swift in Sources */,
				58B72010262CAC3A00C095F9 /* MoviesLogic.swift in Sources */,
				58B71FED2629B35700C095F9 /* SceneDelegate.swift in Sources */,
				58B720062629D6A700C095F9 /* CellFilling.swift in Sources */,
				58B7201D262E137500C095F9 /* NotificationSettings.swift in Sources */,
			);
			runOnlyForDeploymentPostprocessing = 0;
		};
/* End PBXSourcesBuildPhase section */

/* Begin PBXVariantGroup section */
		58B71FF02629B35700C095F9 /* Main.storyboard */ = {
			isa = PBXVariantGroup;
			children = (
				58B71FF12629B35700C095F9 /* Base */,
			);
			name = Main.storyboard;
			sourceTree = "<group>";
		};
		58B71FF52629B35A00C095F9 /* LaunchScreen.storyboard */ = {
			isa = PBXVariantGroup;
			children = (
				58B71FF62629B35A00C095F9 /* Base */,
			);
			name = LaunchScreen.storyboard;
			sourceTree = "<group>";
		};
/* End PBXVariantGroup section */

/* Begin XCBuildConfiguration section */
		58B71FF92629B35A00C095F9 /* Debug */ = {
			isa = XCBuildConfiguration;
			buildSettings = {
				ALWAYS_SEARCH_USER_PATHS = NO;
				CLANG_ANALYZER_NONNULL = YES;
				CLANG_ANALYZER_NUMBER_OBJECT_CONVERSION = YES_AGGRESSIVE;
				CLANG_CXX_LANGUAGE_STANDARD = "gnu++14";
				CLANG_CXX_LIBRARY = "libc++";
				CLANG_ENABLE_MODULES = YES;
				CLANG_ENABLE_OBJC_ARC = YES;
				CLANG_ENABLE_OBJC_WEAK = YES;
				CLANG_WARN_BLOCK_CAPTURE_AUTORELEASING = YES;
				CLANG_WARN_BOOL_CONVERSION = YES;
				CLANG_WARN_COMMA = YES;
				CLANG_WARN_CONSTANT_CONVERSION = YES;
				CLANG_WARN_DEPRECATED_OBJC_IMPLEMENTATIONS = YES;
				CLANG_WARN_DIRECT_OBJC_ISA_USAGE = YES_ERROR;
				CLANG_WARN_DOCUMENTATION_COMMENTS = YES;
				CLANG_WARN_EMPTY_BODY = YES;
				CLANG_WARN_ENUM_CONVERSION = YES;
				CLANG_WARN_INFINITE_RECURSION = YES;
				CLANG_WARN_INT_CONVERSION = YES;
				CLANG_WARN_NON_LITERAL_NULL_CONVERSION = YES;
				CLANG_WARN_OBJC_IMPLICIT_RETAIN_SELF = YES;
				CLANG_WARN_OBJC_LITERAL_CONVERSION = YES;
				CLANG_WARN_OBJC_ROOT_CLASS = YES_ERROR;
				CLANG_WARN_QUOTED_INCLUDE_IN_FRAMEWORK_HEADER = YES;
				CLANG_WARN_RANGE_LOOP_ANALYSIS = YES;
				CLANG_WARN_STRICT_PROTOTYPES = YES;
				CLANG_WARN_SUSPICIOUS_MOVE = YES;
				CLANG_WARN_UNGUARDED_AVAILABILITY = YES_AGGRESSIVE;
				CLANG_WARN_UNREACHABLE_CODE = YES;
				CLANG_WARN__DUPLICATE_METHOD_MATCH = YES;
				COPY_PHASE_STRIP = NO;
				DEBUG_INFORMATION_FORMAT = dwarf;
				ENABLE_STRICT_OBJC_MSGSEND = YES;
				ENABLE_TESTABILITY = YES;
				GCC_C_LANGUAGE_STANDARD = gnu11;
				GCC_DYNAMIC_NO_PIC = NO;
				GCC_NO_COMMON_BLOCKS = YES;
				GCC_OPTIMIZATION_LEVEL = 0;
				GCC_PREPROCESSOR_DEFINITIONS = (
					"DEBUG=1",
					"$(inherited)",
				);
				GCC_WARN_64_TO_32_BIT_CONVERSION = YES;
				GCC_WARN_ABOUT_RETURN_TYPE = YES_ERROR;
				GCC_WARN_UNDECLARED_SELECTOR = YES;
				GCC_WARN_UNINITIALIZED_AUTOS = YES_AGGRESSIVE;
				GCC_WARN_UNUSED_FUNCTION = YES;
				GCC_WARN_UNUSED_VARIABLE = YES;
				IPHONEOS_DEPLOYMENT_TARGET = 14.4;
				MTL_ENABLE_DEBUG_INFO = INCLUDE_SOURCE;
				MTL_FAST_MATH = YES;
				ONLY_ACTIVE_ARCH = YES;
				SDKROOT = iphoneos;
				SWIFT_ACTIVE_COMPILATION_CONDITIONS = DEBUG;
				SWIFT_OPTIMIZATION_LEVEL = "-Onone";
			};
			name = Debug;
		};
		58B71FFA2629B35A00C095F9 /* Release */ = {
			isa = XCBuildConfiguration;
			buildSettings = {
				ALWAYS_SEARCH_USER_PATHS = NO;
				CLANG_ANALYZER_NONNULL = YES;
				CLANG_ANALYZER_NUMBER_OBJECT_CONVERSION = YES_AGGRESSIVE;
				CLANG_CXX_LANGUAGE_STANDARD = "gnu++14";
				CLANG_CXX_LIBRARY = "libc++";
				CLANG_ENABLE_MODULES = YES;
				CLANG_ENABLE_OBJC_ARC = YES;
				CLANG_ENABLE_OBJC_WEAK = YES;
				CLANG_WARN_BLOCK_CAPTURE_AUTORELEASING = YES;
				CLANG_WARN_BOOL_CONVERSION = YES;
				CLANG_WARN_COMMA = YES;
				CLANG_WARN_CONSTANT_CONVERSION = YES;
				CLANG_WARN_DEPRECATED_OBJC_IMPLEMENTATIONS = YES;
				CLANG_WARN_DIRECT_OBJC_ISA_USAGE = YES_ERROR;
				CLANG_WARN_DOCUMENTATION_COMMENTS = YES;
				CLANG_WARN_EMPTY_BODY = YES;
				CLANG_WARN_ENUM_CONVERSION = YES;
				CLANG_WARN_INFINITE_RECURSION = YES;
				CLANG_WARN_INT_CONVERSION = YES;
				CLANG_WARN_NON_LITERAL_NULL_CONVERSION = YES;
				CLANG_WARN_OBJC_IMPLICIT_RETAIN_SELF = YES;
				CLANG_WARN_OBJC_LITERAL_CONVERSION = YES;
				CLANG_WARN_OBJC_ROOT_CLASS = YES_ERROR;
				CLANG_WARN_QUOTED_INCLUDE_IN_FRAMEWORK_HEADER = YES;
				CLANG_WARN_RANGE_LOOP_ANALYSIS = YES;
				CLANG_WARN_STRICT_PROTOTYPES = YES;
				CLANG_WARN_SUSPICIOUS_MOVE = YES;
				CLANG_WARN_UNGUARDED_AVAILABILITY = YES_AGGRESSIVE;
				CLANG_WARN_UNREACHABLE_CODE = YES;
				CLANG_WARN__DUPLICATE_METHOD_MATCH = YES;
				COPY_PHASE_STRIP = NO;
				DEBUG_INFORMATION_FORMAT = "dwarf-with-dsym";
				ENABLE_NS_ASSERTIONS = NO;
				ENABLE_STRICT_OBJC_MSGSEND = YES;
				GCC_C_LANGUAGE_STANDARD = gnu11;
				GCC_NO_COMMON_BLOCKS = YES;
				GCC_WARN_64_TO_32_BIT_CONVERSION = YES;
				GCC_WARN_ABOUT_RETURN_TYPE = YES_ERROR;
				GCC_WARN_UNDECLARED_SELECTOR = YES;
				GCC_WARN_UNINITIALIZED_AUTOS = YES_AGGRESSIVE;
				GCC_WARN_UNUSED_FUNCTION = YES;
				GCC_WARN_UNUSED_VARIABLE = YES;
				IPHONEOS_DEPLOYMENT_TARGET = 14.4;
				MTL_ENABLE_DEBUG_INFO = NO;
				MTL_FAST_MATH = YES;
				SDKROOT = iphoneos;
				SWIFT_COMPILATION_MODE = wholemodule;
				SWIFT_OPTIMIZATION_LEVEL = "-O";
				VALIDATE_PRODUCT = YES;
			};
			name = Release;
		};
		58B71FFC2629B35A00C095F9 /* Debug */ = {
			isa = XCBuildConfiguration;
			buildSettings = {
				ASSETCATALOG_COMPILER_APPICON_NAME = AppIcon;
				ASSETCATALOG_COMPILER_GLOBAL_ACCENT_COLOR_NAME = AccentColor;
				CODE_SIGN_STYLE = Automatic;
				DEVELOPMENT_TEAM = 6VRN8A2N37;
				INFOPLIST_FILE = TopMovies1/Info.plist;
				LD_RUNPATH_SEARCH_PATHS = (
					"$(inherited)",
					"@executable_path/Frameworks",
				);
				PRODUCT_BUNDLE_IDENTIFIER = com.matveybo.TopMovies1;
				PRODUCT_NAME = "$(TARGET_NAME)";
				SWIFT_VERSION = 5.0;
				TARGETED_DEVICE_FAMILY = 1;
			};
			name = Debug;
		};
		58B71FFD2629B35A00C095F9 /* Release */ = {
			isa = XCBuildConfiguration;
			buildSettings = {
				ASSETCATALOG_COMPILER_APPICON_NAME = AppIcon;
				ASSETCATALOG_COMPILER_GLOBAL_ACCENT_COLOR_NAME = AccentColor;
				CODE_SIGN_STYLE = Automatic;
				DEVELOPMENT_TEAM = 6VRN8A2N37;
				INFOPLIST_FILE = TopMovies1/Info.plist;
				LD_RUNPATH_SEARCH_PATHS = (
					"$(inherited)",
					"@executable_path/Frameworks",
				);
				PRODUCT_BUNDLE_IDENTIFIER = com.matveybo.TopMovies1;
				PRODUCT_NAME = "$(TARGET_NAME)";
				SWIFT_VERSION = 5.0;
				TARGETED_DEVICE_FAMILY = 1;
			};
			name = Release;
		};
/* End XCBuildConfiguration section */

/* Begin XCConfigurationList section */
		58B71FE22629B35700C095F9 /* Build configuration list for PBXProject "TopMovies1" */ = {
			isa = XCConfigurationList;
			buildConfigurations = (
				58B71FF92629B35A00C095F9 /* Debug */,
				58B71FFA2629B35A00C095F9 /* Release */,
			);
			defaultConfigurationIsVisible = 0;
			defaultConfigurationName = Release;
		};
		58B71FFB2629B35A00C095F9 /* Build configuration list for PBXNativeTarget "TopMovies1" */ = {
			isa = XCConfigurationList;
			buildConfigurations = (
				58B71FFC2629B35A00C095F9 /* Debug */,
				58B71FFD2629B35A00C095F9 /* Release */,
			);
			defaultConfigurationIsVisible = 0;
			defaultConfigurationName = Release;
		};
/* End XCConfigurationList section */
	};
	rootObject = 58B71FDF2629B35700C095F9 /* Project object */;
}
